
Microsoft Visual Studio Solution File, Format Version 12.00
# Visual Studio Version 17
VisualStudioVersion = 17.8.34316.72
MinimumVisualStudioVersion = 10.0.40219.1
Project("{FAE04EC0-301F-11D3-BF4B-00C04F79EFBC}") = "assignm", "assignm\assignm.csproj", "{203B09C8-DE89-466B-BC06-E30513F21BBF}"
EndProject
Global
	GlobalSection(SolutionConfigurationPlatforms) = preSolution
		Debug|Any CPU = Debug|Any CPU
		Release|Any CPU = Release|Any CPU
	EndGlobalSection
	GlobalSection(ProjectConfigurationPlatforms) = postSolution
		{203B09C8-DE89-466B-BC06-E30513F21BBF}.Debug|Any CPU.ActiveCfg = Debug|Any CPU
		{203B09C8-DE89-466B-BC06-E30513F21BBF}.Debug|Any CPU.Build.0 = Debug|Any CPU
		{203B09C8-DE89-466B-BC06-E30513F21BBF}.Release|Any CPU.ActiveCfg = Release|Any CPU
		{203B09C8-DE89-466B-BC06-E30513F21BBF}.Release|Any CPU.Build.0 = Release|Any CPU
	EndGlobalSection
	GlobalSection(SolutionProperties) = preSolution
		HideSolutionNode = FALSE
	EndGlobalSection
	GlobalSection(ExtensibilityGlobals) = postSolution
		SolutionGuid = {68D90CF7-87C0-4DD7-8D9F-02F50A85E08B}
	EndGlobalSection
EndGlobal
